{
    "_readme": [
        "This file locks the dependencies of your project to a known state",
        "Read more about it at https://getcomposer.org/doc/01-basic-usage.md#composer-lock-the-lock-file",
        "This file is @generated automatically"
    ],
    "content-hash": "332c85650262f9332dd1e98b2dc97298",
    "packages": [
        {
            "name": "tightenco/collect",
            "version": "v5.4.27",
            "source": {
                "type": "git",
                "url": "https://github.com/tightenco/collect.git",
                "reference": "16a16f2214f2ef251e6cbd3efd47b422bace5f58"
            },
            "dist": {
                "type": "zip",
                "url": "https://api.github.com/repos/tightenco/collect/zipball/16a16f2214f2ef251e6cbd3efd47b422bace5f58",
                "reference": "16a16f2214f2ef251e6cbd3efd47b422bace5f58",
                "shasum": ""
            },
            "require": {
                "php": ">=5.6.4"
            },
            "require-dev": {
                "mockery/mockery": "^0.9.7",
                "phpunit/phpunit": "^5.7"
            },
            "type": "library",
            "autoload": {
                "files": [
                    "src/Illuminate/Support/helpers.php"
                ],
                "psr-4": {
                    "Illuminate\\": "src/Illuminate"
                }
            },
            "notification-url": "https://packagist.org/downloads/",
            "license": [
                "MIT"
            ],
            "authors": [
                {
                    "name": "Taylor Otwell",
                    "email": "taylorotwell@gmail.com"
                }
            ],
            "description": "Collect - Illuminate Collections as a separate package.",
            "keywords": [
                "collection",
                "laravel"
            ],
            "time": "2017-06-15T20:17:56+00:00"
        },
        {
            "name": "twig/twig",
            "version": "v1.34.4",
            "source": {
                "type": "git",
                "url": "https://github.com/twigphp/Twig.git",
                "reference": "f878bab48edb66ad9c6ed626bf817f60c6c096ee"
            },
            "dist": {
                "type": "zip",
                "url": "https://api.github.com/repos/twigphp/Twig/zipball/f878bab48edb66ad9c6ed626bf817f60c6c096ee",
                "reference": "f878bab48edb66ad9c6ed626bf817f60c6c096ee",
                "shasum": ""
            },
            "require": {
                "php": ">=5.3.3"
            },
            "require-dev": {
                "psr/container": "^1.0",
                "symfony/debug": "~2.7",
                "symfony/phpunit-bridge": "~3.3@dev"
            },
            "type": "library",
            "extra": {
                "branch-alias": {
                    "dev-master": "1.34-dev"
                }
            },
            "autoload": {
                "psr-0": {
                    "Twig_": "lib/"
                },
                "psr-4": {
                    "Twig\\": "src/"
                }
            },
            "notification-url": "https://packagist.org/downloads/",
            "license": [
                "BSD-3-Clause"
            ],
            "authors": [
                {
                    "name": "Fabien Potencier",
                    "email": "fabien@symfony.com",
                    "homepage": "http://fabien.potencier.org",
                    "role": "Lead Developer"
                },
                {
                    "name": "Armin Ronacher",
                    "email": "armin.ronacher@active-4.com",
                    "role": "Project Founder"
                },
                {
                    "name": "Twig Team",
                    "homepage": "http://twig.sensiolabs.org/contributors",
                    "role": "Contributors"
                }
            ],
            "description": "Twig, the flexible, fast, and secure template language for PHP",
            "homepage": "http://twig.sensiolabs.org",
            "keywords": [
                "templating"
            ],
            "time": "2017-07-04T13:19:31+00:00"
        }
    ],
    "packages-dev": [],
    "aliases": [],
    "minimum-stability": "stable",
    "stability-flags": [],
    "prefer-stable": false,
    "prefer-lowest": false,
    "platform": [],
    "platform-dev": []
}
